{
  "name": "video-streaming-service",
  "version": "1.0.0",
  "lockfileVersion": 3,
  "requires": true,
  "packages": {
    "": {
      "name": "video-streaming-service",
      "version": "1.0.0",
      "license": "ISC",
      "dependencies": {
        "advanced-math-toolkit": "^1.0.1",
        "simple-package-example-dangtthuynhi": "^1.0.5",
        "sum-dangtthuynhi": "^1.0.9"
      }
    },
    "node_modules/advanced-math-toolkit": {
      "version": "1.0.1",
      "resolved": "https://registry.npmjs.org/advanced-math-toolkit/-/advanced-math-toolkit-1.0.1.tgz",
      "integrity": "sha512-iJVamqRKF1hjgll6VYzFasB2Y0/Vtv5TqidecDl6AK3p7ntFe+k2xBmGGfXKhFvZmnNI9YWYCwNTrTxvFoZWxw==",
      "dependencies": {
        "simple-package-example-dangtthuynhi": "^1.0.5",
        "sum-dangtthuynhi": "^1.0.9"
      }
    },
    "node_modules/simple-package-example-dangtthuynhi": {
      "version": "1.0.5",
      "resolved": "https://registry.npmjs.org/simple-package-example-dangtthuynhi/-/simple-package-example-dangtthuynhi-1.0.5.tgz",
      "integrity": "sha512-JUUuqfN58+FBADlvtP4JBVltAo6QoaQddHQElkhG39rH4Q7k41PX3UlohriPlGCeUlnjFw1z6jZiIQ5L1S/r1g==",
      "dependencies": {
        "advanced-math-toolkit": "^1.0.0",
        "simple-package-example-dangtthuynhi": "^1.0.0",
        "sum-dangtthuynhi": "^1.0.9"
      }
    },
    "node_modules/sum-dangtthuynhi": {
      "version": "1.0.9",
      "resolved": "https://registry.npmjs.org/sum-dangtthuynhi/-/sum-dangtthuynhi-1.0.9.tgz",
      "integrity": "sha512-kAm2SQo0r82PuGSgdFC/z8VbekKLu44qOf9+QUvJJTQWlZlxc9nq52H5OQOYeCFz7lm+Ot3/QqjBfQZ6YKvswQ=="
    }
  }
}
